
Microsoft Visual Studio Solution File, Format Version 12.00
# Visual Studio Version 17
VisualStudioVersion = 17.9.34902.65
MinimumVisualStudioVersion = 10.0.40219.1
Project("{FAE04EC0-301F-11D3-BF4B-00C04F79EFBC}") = "MvcTask01", "MvcTask01.csproj", "{53018DE1-604A-4CD9-9EB8-708C48FA5B63}"
EndProject
Global
	GlobalSection(SolutionConfigurationPlatforms) = preSolution
		Debug|Any CPU = Debug|Any CPU
		Release|Any CPU = Release|Any CPU
	EndGlobalSection
	GlobalSection(ProjectConfigurationPlatforms) = postSolution
		{53018DE1-604A-4CD9-9EB8-708C48FA5B63}.Debug|Any CPU.ActiveCfg = Debug|Any CPU
		{53018DE1-604A-4CD9-9EB8-708C48FA5B63}.Debug|Any CPU.Build.0 = Debug|Any CPU
		{53018DE1-604A-4CD9-9EB8-708C48FA5B63}.Release|Any CPU.ActiveCfg = Release|Any CPU
		{53018DE1-604A-4CD9-9EB8-708C48FA5B63}.Release|Any CPU.Build.0 = Release|Any CPU
	EndGlobalSection
	GlobalSection(SolutionProperties) = preSolution
		HideSolutionNode = FALSE
	EndGlobalSection
	GlobalSection(ExtensibilityGlobals) = postSolution
		SolutionGuid = {D227AA5D-7AE1-402D-BE45-49E70590AFF1}
	EndGlobalSection
EndGlobal
